// !$*UTF8*$!
{
	archiveVersion = 1;
	classes = {
	};
	objectVersion = 46;
	objects = {

/* Begin PBXBuildFile section */
		8488D1931DAE9A68008FBF41 /* main.m in Sources */ = {isa = PBXBuildFile; fileRef = 8488D1921DAE9A68008FBF41 /* main.m */; };
		8488D1961DAE9A68008FBF41 /* AppDelegate.m in Sources */ = {isa = PBXBuildFile; fileRef = 8488D1951DAE9A68008FBF41 /* AppDelegate.m */; };
		8488D1991DAE9A68008FBF41 /* FirstViewController.m in Sources */ = {isa = PBXBuildFile; fileRef = 8488D1981DAE9A68008FBF41 /* FirstViewController.m */; };
		8488D19C1DAE9A68008FBF41 /* SecondViewController.m in Sources */ = {isa = PBXBuildFile; fileRef = 8488D19B1DAE9A68008FBF41 /* SecondViewController.m */; };
		8488D19F1DAE9A68008FBF41 /* Main.storyboard in Resources */ = {isa = PBXBuildFile; fileRef = 8488D19D1DAE9A68008FBF41 /* Main.storyboard */; };
		8488D1A11DAE9A68008FBF41 /* Assets.xcassets in Resources */ = {isa = PBXBuildFile; fileRef = 8488D1A01DAE9A68008FBF41 /* Assets.xcassets */; };
		8488D1A41DAE9A68008FBF41 /* LaunchScreen.storyboard in Resources */ = {isa = PBXBuildFile; fileRef = 8488D1A21DAE9A68008FBF41 /* LaunchScreen.storyboard */; };
/* End PBXBuildFile section */

/* Begin PBXFileReference section */
		8488D18E1DAE9A68008FBF41 /* NoviProjekat.app */ = {isa = PBXFileReference; explicitFileType = wrapper.application; includeInIndex = 0; path = NoviProjekat.app; sourceTree = BUILT_PRODUCTS_DIR; };
		8488D1921DAE9A68008FBF41 /* main.m */ = {isa = PBXFileReference; lastKnownFileType = sourcecode.c.objc; path = main.m; sourceTree = "<group>"; };
		8488D1941DAE9A68008FBF41 /* AppDelegate.h */ = {isa = PBXFileReference; lastKnownFileType = sourcecode.c.h; path = AppDelegate.h; sourceTree = "<group>"; };
		8488D1951DAE9A68008FBF41 /* AppDelegate.m */ = {isa = PBXFileReference; lastKnownFileType = sourcecode.c.objc; path = AppDelegate.m; sourceTree = "<group>"; };
		8488D1971DAE9A68008FBF41 /* FirstViewController.h */ = {isa = PBXFileReference; lastKnownFileType = sourcecode.c.h; path = FirstViewController.h; sourceTree = "<group>"; };
		8488D1981DAE9A68008FBF41 /* FirstViewController.m */ = {isa = PBXFileReference; lastKnownFileType = sourcecode.c.objc; path = FirstViewController.m; sourceTree = "<group>"; };
		8488D19A1DAE9A68008FBF41 /* SecondViewController.h */ = {isa = PBXFileReference; lastKnownFileType = sourcecode.c.h; path = SecondViewController.h; sourceTree = "<group>"; };
		8488D19B1DAE9A68008FBF41 /* SecondViewController.m */ = {isa = PBXFileReference; lastKnownFileType = sourcecode.c.objc; path = SecondViewController.m; sourceTree = "<group>"; };
		8488D19E1DAE9A68008FBF41 /* Base */ = {isa = PBXFileReference; lastKnownFileType = file.storyboard; name = Base; path = Base.lproj/Main.storyboard; sourceTree = "<group>"; };
		8488D1A01DAE9A68008FBF41 /* Assets.xcassets */ = {isa = PBXFileReference; lastKnownFileType = folder.assetcatalog; path = Assets.xcassets; sourceTree = "<group>"; };
		8488D1A31DAE9A68008FBF41 /* Base */ = {isa = PBXFileReference; lastKnownFileType = file.storyboard; name = Base; path = Base.lproj/LaunchScreen.storyboard; sourceTree = "<group>"; };
		8488D1A51DAE9A68008FBF41 /* Info.plist */ = {isa = PBXFileReference; lastKnownFileType = text.plist.xml; path = Info.plist; sourceTree = "<group>"; };
/* End PBXFileReference section */

/* Begin PBXFrameworksBuildPhase section */
		8488D18B1DAE9A67008FBF41 /* Frameworks */ = {
			isa = PBXFrameworksBuildPhase;
			buildActionMask = 2147483647;
			files = (
			);
			runOnlyForDeploymentPostprocessing = 0;
		};
/* End PBXFrameworksBuildPhase section */

/* Begin PBXGroup section */
		1AA4C03C1DB024DB00A25DBF /* View Controllers */ = {
			isa = PBXGroup;
			children = (
				8488D1971DAE9A68008FBF41 /* FirstViewController.h */,
				8488D1981DAE9A68008FBF41 /* FirstViewController.m */,
				8488D19A1DAE9A68008FBF41 /* SecondViewController.h */,
				8488D19B1DAE9A68008FBF41 /* SecondViewController.m */,
			);
			name = "View Controllers";
			sourceTree = "<group>";
		};
		8488D1851DAE9A67008FBF41 = {
			isa = PBXGroup;
			children = (
				8488D1901DAE9A68008FBF41 /* NoviProjekat */,
				8488D18F1DAE9A68008FBF41 /* Products */,
			);
			sourceTree = "<group>";
		};
		8488D18F1DAE9A68008FBF41 /* Products */ = {
			isa = PBXGroup;
			children = (
				8488D18E1DAE9A68008FBF41 /* NoviProjekat.app */,
			);
			name = Products;
			sourceTree = "<group>";
		};
		8488D1901DAE9A68008FBF41 /* NoviProjekat */ = {
			isa = PBXGroup;
			children = (
				8488D1941DAE9A68008FBF41 /* AppDelegate.h */,
				8488D1951DAE9A68008FBF41 /* AppDelegate.m */,
				1AA4C03C1DB024DB00A25DBF /* View Controllers */,
				8488D19D1DAE9A68008FBF41 /* Main.storyboard */,
				8488D1A01DAE9A68008FBF41 /* Assets.xcassets */,
				8488D1A21DAE9A68008FBF41 /* LaunchScreen.storyboard */,
				8488D1A51DAE9A68008FBF41 /* Info.plist */,
				8488D1911DAE9A68008FBF41 /* Supporting Files */,
			);
			path = NoviProjekat;
			sourceTree = "<group>";
		};
		8488D1911DAE9A68008FBF41 /* Supporting Files */ = {
			isa = PBXGroup;
			children = (
				8488D1921DAE9A68008FBF41 /* main.m */,
			);
			name = "Supporting Files";
			sourceTree = "<group>";
		};
/* End PBXGroup section */

/* Begin PBXNativeTarget section */
		8488D18D1DAE9A67008FBF41 /* NoviProjekat */ = {
			isa = PBXNativeTarget;
			buildConfigurationList = 8488D1A81DAE9A68008FBF41 /* Build configuration list for PBXNativeTarget "NoviProjekat" */;
			buildPhases = (
				8488D18A1DAE9A67008FBF41 /* Sources */,
				8488D18B1DAE9A67008FBF41 /* Frameworks */,
				8488D18C1DAE9A67008FBF41 /* Resources */,
			);
			buildRules = (
			);
			dependencies = (
			);
			name = NoviProjekat;
			productName = NoviProjekat;
			productReference = 8488D18E1DAE9A68008FBF41 /* NoviProjekat.app */;
			productType = "com.apple.product-type.application";
		};
/* End PBXNativeTarget section */

/* Begin PBXProject section */
		8488D1861DAE9A67008FBF41 /* Project object */ = {
			isa = PBXProject;
			attributes = {
				LastUpgradeCheck = 0800;
				ORGANIZATIONNAME = Admin;
				TargetAttributes = {
					8488D18D1DAE9A67008FBF41 = {
						CreatedOnToolsVersion = 8.0;
						ProvisioningStyle = Automatic;
					};
				};
			};
			buildConfigurationList = 8488D1891DAE9A67008FBF41 /* Build configuration list for PBXProject "NoviProjekat" */;
			compatibilityVersion = "Xcode 3.2";
			developmentRegion = English;
			hasScannedForEncodings = 0;
			knownRegions = (
				en,
				Base,
			);
			mainGroup = 8488D1851DAE9A67008FBF41;
			productRefGroup = 8488D18F1DAE9A68008FBF41 /* Products */;
			projectDirPath = "";
			projectRoot = "";
			targets = (
				8488D18D1DAE9A67008FBF41 /* NoviProjekat */,
			);
		};
/* End PBXProject section */

/* Begin PBXResourcesBuildPhase section */
		8488D18C1DAE9A67008FBF41 /* Resources */ = {
			isa = PBXResourcesBuildPhase;
			buildActionMask = 2147483647;
			files = (
				8488D1A41DAE9A68008FBF41 /* LaunchScreen.storyboard in Resources */,
				8488D1A11DAE9A68008FBF41 /* Assets.xcassets in Resources */,
				8488D19F1DAE9A68008FBF41 /* Main.storyboard in Resources */,
			);
			runOnlyForDeploymentPostprocessing = 0;
		};
/* End PBXResourcesBuildPhase section */

/* Begin PBXSourcesBuildPhase section */
		8488D18A1DAE9A67008FBF41 /* Sources */ = {
			isa = PBXSourcesBuildPhase;
			buildActionMask = 2147483647;
			files = (
				8488D19C1DAE9A68008FBF41 /* SecondViewController.m in Sources */,
				8488D1961DAE9A68008FBF41 /* AppDelegate.m in Sources */,
				8488D1991DAE9A68008FBF41 /* FirstViewController.m in Sources */,
				8488D1931DAE9A68008FBF41 /* main.m in Sources */,
			);
			runOnlyForDeploymentPostprocessing = 0;
		};
/* End PBXSourcesBuildPhase section */

/* Begin PBXVariantGroup section */
		8488D19D1DAE9A68008FBF41 /* Main.storyboard */ = {
			isa = PBXVariantGroup;
			children = (
				8488D19E1DAE9A68008FBF41 /* Base */,
			);
			name = Main.storyboard;
			sourceTree = "<group>";
		};
		8488D1A21DAE9A68008FBF41 /* LaunchScreen.storyboard */ = {
			isa = PBXVariantGroup;
			children = (
				8488D1A31DAE9A68008FBF41 /* Base */,
			);
			name = LaunchScreen.storyboard;
			sourceTree = "<group>";
		};
/* End PBXVariantGroup section */

/* Begin XCBuildConfiguration section */
		8488D1A61DAE9A68008FBF41 /* Debug */ = {
			isa = XCBuildConfiguration;
			buildSettings = {
				ALWAYS_SEARCH_USER_PATHS = NO;
				CLANG_ANALYZER_NONNULL = YES;
				CLANG_CXX_LANGUAGE_STANDARD = "gnu++0x";
				CLANG_CXX_LIBRARY = "libc++";
				CLANG_ENABLE_MODULES = YES;
				CLANG_ENABLE_OBJC_ARC = YES;
				CLANG_WARN_BOOL_CONVERSION = YES;
				CLANG_WARN_CONSTANT_CONVERSION = YES;
				CLANG_WARN_DIRECT_OBJC_ISA_USAGE = YES_ERROR;
				CLANG_WARN_DOCUMENTATION_COMMENTS = YES;
				CLANG_WARN_EMPTY_BODY = YES;
				CLANG_WARN_ENUM_CONVERSION = YES;
				CLANG_WARN_INFINITE_RECURSION = YES;
				CLANG_WARN_INT_CONVERSION = YES;
				CLANG_WARN_OBJC_ROOT_CLASS = YES_ERROR;
				CLANG_WARN_SUSPICIOUS_MOVES = YES;
				CLANG_WARN_UNREACHABLE_CODE = YES;
				CLANG_WARN__DUPLICATE_METHOD_MATCH = YES;
				"CODE_SIGN_IDENTITY[sdk=iphoneos*]" = "iPhone Developer";
				COPY_PHASE_STRIP = NO;
				DEBUG_INFORMATION_FORMAT = dwarf;
				ENABLE_STRICT_OBJC_MSGSEND = YES;
				ENABLE_TESTABILITY = YES;
				GCC_C_LANGUAGE_STANDARD = gnu99;
				GCC_DYNAMIC_NO_PIC = NO;
				GCC_NO_COMMON_BLOCKS = YES;
				GCC_OPTIMIZATION_LEVEL = 0;
				GCC_PREPROCESSOR_DEFINITIONS = (
					"DEBUG=1",
					"$(inherited)",
				);
				GCC_WARN_64_TO_32_BIT_CONVERSION = YES;
				GCC_WARN_ABOUT_RETURN_TYPE = YES_ERROR;
				GCC_WARN_UNDECLARED_SELECTOR = YES;
				GCC_WARN_UNINITIALIZED_AUTOS = YES_AGGRESSIVE;
				GCC_WARN_UNUSED_FUNCTION = YES;
				GCC_WARN_UNUSED_VARIABLE = YES;
				IPHONEOS_DEPLOYMENT_TARGET = 10.0;
				MTL_ENABLE_DEBUG_INFO = YES;
				ONLY_ACTIVE_ARCH = YES;
				SDKROOT = iphoneos;
				TARGETED_DEVICE_FAMILY = "1,2";
			};
			name = Debug;
		};
		8488D1A71DAE9A68008FBF41 /* Release */ = {
			isa = XCBuildConfiguration;
			buildSettings = {
				ALWAYS_SEARCH_USER_PATHS = NO;
				CLANG_ANALYZER_NONNULL = YES;
				CLANG_CXX_LANGUAGE_STANDARD = "gnu++0x";
				CLANG_CXX_LIBRARY = "libc++";
				CLANG_ENABLE_MODULES = YES;
				CLANG_ENABLE_OBJC_ARC = YES;
				CLANG_WARN_BOOL_CONVERSION = YES;
				CLANG_WARN_CONSTANT_CONVERSION = YES;
				CLANG_WARN_DIRECT_OBJC_ISA_USAGE = YES_ERROR;
				CLANG_WARN_DOCUMENTATION_COMMENTS = YES;
				CLANG_WARN_EMPTY_BODY = YES;
				CLANG_WARN_ENUM_CONVERSION = YES;
				CLANG_WARN_INFINITE_RECURSION = YES;
				CLANG_WARN_INT_CONVERSION = YES;
				CLANG_WARN_OBJC_ROOT_CLASS = YES_ERROR;
				CLANG_WARN_SUSPICIOUS_MOVES = YES;
				CLANG_WARN_UNREACHABLE_CODE = YES;
				CLANG_WARN__DUPLICATE_METHOD_MATCH = YES;
				"CODE_SIGN_IDENTITY[sdk=iphoneos*]" = "iPhone Developer";
				COPY_PHASE_STRIP = NO;
				DEBUG_INFORMATION_FORMAT = "dwarf-with-dsym";
				ENABLE_NS_ASSERTIONS = NO;
				ENABLE_STRICT_OBJC_MSGSEND = YES;
				GCC_C_LANGUAGE_STANDARD = gnu99;
				GCC_NO_COMMON_BLOCKS = YES;
				GCC_WARN_64_TO_32_BIT_CONVERSION = YES;
				GCC_WARN_ABOUT_RETURN_TYPE = YES_ERROR;
				GCC_WARN_UNDECLARED_SELECTOR = YES;
				GCC_WARN_UNINITIALIZED_AUTOS = YES_AGGRESSIVE;
				GCC_WARN_UNUSED_FUNCTION = YES;
				GCC_WARN_UNUSED_VARIABLE = YES;
				IPHONEOS_DEPLOYMENT_TARGET = 10.0;
				MTL_ENABLE_DEBUG_INFO = NO;
				SDKROOT = iphoneos;
				TARGETED_DEVICE_FAMILY = "1,2";
				VALIDATE_PRODUCT = YES;
			};
			name = Release;
		};
		8488D1A91DAE9A68008FBF41 /* Debug */ = {
			isa = XCBuildConfiguration;
			buildSettings = {
				ASSETCATALOG_COMPILER_APPICON_NAME = AppIcon;
				INFOPLIST_FILE = NoviProjekat/Info.plist;
				LD_RUNPATH_SEARCH_PATHS = "$(inherited) @executable_path/Frameworks";
				PRODUCT_BUNDLE_IDENTIFIER = projekeat.NoviProjekat;
				PRODUCT_NAME = "$(TARGET_NAME)";
			};
			name = Debug;
		};
		8488D1AA1DAE9A68008FBF41 /* Release */ = {
			isa = XCBuildConfiguration;
			buildSettings = {
				ASSETCATALOG_COMPILER_APPICON_NAME = AppIcon;
				INFOPLIST_FILE = NoviProjekat/Info.plist;
				LD_RUNPATH_SEARCH_PATHS = "$(inherited) @executable_path/Frameworks";
				PRODUCT_BUNDLE_IDENTIFIER = projekeat.NoviProjekat;
				PRODUCT_NAME = "$(TARGET_NAME)";
			};
			name = Release;
		};
/* End XCBuildConfiguration section */

/* Begin XCConfigurationList section */
		8488D1891DAE9A67008FBF41 /* Build configuration list for PBXProject "NoviProjekat" */ = {
			isa = XCConfigurationList;
			buildConfigurations = (
				8488D1A61DAE9A68008FBF41 /* Debug */,
				8488D1A71DAE9A68008FBF41 /* Release */,
			);
			defaultConfigurationIsVisible = 0;
			defaultConfigurationName = Release;
		};
		8488D1A81DAE9A68008FBF41 /* Build configuration list for PBXNativeTarget "NoviProjekat" */ = {
			isa = XCConfigurationList;
			buildConfigurations = (
				8488D1A91DAE9A68008FBF41 /* Debug */,
				8488D1AA1DAE9A68008FBF41 /* Release */,
			);
			defaultConfigurationIsVisible = 0;
			defaultConfigurationName = Release;
		};
/* End XCConfigurationList section */
	};
	rootObject = 8488D1861DAE9A67008FBF41 /* Project object */;
}
