// !$*UTF8*$!
{
	archiveVersion = 1;
	classes = {
	};
	objectVersion = 46;
	objects = {

/* Begin PBXBuildFile section */
		1A0691F41EB8AC5600CB3326 /* CalendarService.m in Sources */ = {isa = PBXBuildFile; fileRef = 1A0691F31EB8AC5600CB3326 /* CalendarService.m */; };
		1A0691F71EB8B6ED00CB3326 /* AddReminderViewController.m in Sources */ = {isa = PBXBuildFile; fileRef = 1A0691F61EB8B6ED00CB3326 /* AddReminderViewController.m */; };
		1A0C80CA1E6C611F0084D24C /* CoreData.framework in Frameworks */ = {isa = PBXBuildFile; fileRef = 1A0C80C91E6C611F0084D24C /* CoreData.framework */; };
		1A0C80CD1E6C61C60084D24C /* MojAutomobilModel.xcdatamodeld in Sources */ = {isa = PBXBuildFile; fileRef = 1A0C80CB1E6C61C60084D24C /* MojAutomobilModel.xcdatamodeld */; };
		1A17D8FB1ECB5025009F6580 /* CarViewController.m in Sources */ = {isa = PBXBuildFile; fileRef = 1A17D8FA1ECB5025009F6580 /* CarViewController.m */; };
		1A17D8FF1ECB5196009F6580 /* AutoTableViewCell.m in Sources */ = {isa = PBXBuildFile; fileRef = 1A17D8FD1ECB5196009F6580 /* AutoTableViewCell.m */; };
		1A17D9001ECB5196009F6580 /* AutoTableViewCell.xib in Resources */ = {isa = PBXBuildFile; fileRef = 1A17D8FE1ECB5196009F6580 /* AutoTableViewCell.xib */; };
		1A1D2A691E1AFB2200205CA9 /* Localizable.strings in Resources */ = {isa = PBXBuildFile; fileRef = 1A1D2A681E1AFB2200205CA9 /* Localizable.strings */; };
		1A1D2A901E1B039400205CA9 /* LocalizableStringService.m in Sources */ = {isa = PBXBuildFile; fileRef = 1A1D2A8F1E1B039400205CA9 /* LocalizableStringService.m */; };
		1A667C711EC8B96300201980 /* ReminderTableViewCell.m in Sources */ = {isa = PBXBuildFile; fileRef = 1A667C6F1EC8B96300201980 /* ReminderTableViewCell.m */; };
		1A667C721EC8B96300201980 /* ReminderTableViewCell.xib in Resources */ = {isa = PBXBuildFile; fileRef = 1A667C701EC8B96300201980 /* ReminderTableViewCell.xib */; };
		1A6793D71E34D55D00713D25 /* BasicViewController.m in Sources */ = {isa = PBXBuildFile; fileRef = 1A6793D61E34D55D00713D25 /* BasicViewController.m */; };
		1A6793DA1E34D8A400713D25 /* UIFont+UDFont.m in Sources */ = {isa = PBXBuildFile; fileRef = 1A6793D91E34D8A400713D25 /* UIFont+UDFont.m */; };
		1A6793DF1E34DB9800713D25 /* UIColor+UDColor.m in Sources */ = {isa = PBXBuildFile; fileRef = 1A6793DE1E34DB9800713D25 /* UIColor+UDColor.m */; };
		1AC823601EA509FE009AFBFC /* User.m in Sources */ = {isa = PBXBuildFile; fileRef = 1AC8235F1EA509FE009AFBFC /* User.m */; };
		1AC823631EA50BE9009AFBFC /* Reminder.m in Sources */ = {isa = PBXBuildFile; fileRef = 1AC823621EA50BE9009AFBFC /* Reminder.m */; };
		1AC823661EA50C97009AFBFC /* Car.m in Sources */ = {isa = PBXBuildFile; fileRef = 1AC823651EA50C97009AFBFC /* Car.m */; };
		1AC823691EA50D72009AFBFC /* Expenses.m in Sources */ = {isa = PBXBuildFile; fileRef = 1AC823681EA50D72009AFBFC /* Expenses.m */; };
		1AC8236D1EA52487009AFBFC /* DataController.m in Sources */ = {isa = PBXBuildFile; fileRef = 1AC8236C1EA52487009AFBFC /* DataController.m */; };
		1AD691521F239CF900627D0F /* AddNewCarViewController.m in Sources */ = {isa = PBXBuildFile; fileRef = 1AD691511F239CF900627D0F /* AddNewCarViewController.m */; };
		1AE78AA61E81B0120018FF66 /* LoginViewController.m in Sources */ = {isa = PBXBuildFile; fileRef = 1AE78AA51E81B0120018FF66 /* LoginViewController.m */; };
		1AE78AA91E81B5F70018FF66 /* SignUpViewController.m in Sources */ = {isa = PBXBuildFile; fileRef = 1AE78AA81E81B5F70018FF66 /* SignUpViewController.m */; };
		7F8C94B4160044F51D13E214 /* Pods_NoviProjekat.framework in Frameworks */ = {isa = PBXBuildFile; fileRef = 18A84FB88838389AEEFCD518 /* Pods_NoviProjekat.framework */; };
		8488D1931DAE9A68008FBF41 /* main.m in Sources */ = {isa = PBXBuildFile; fileRef = 8488D1921DAE9A68008FBF41 /* main.m */; };
		8488D1961DAE9A68008FBF41 /* AppDelegate.m in Sources */ = {isa = PBXBuildFile; fileRef = 8488D1951DAE9A68008FBF41 /* AppDelegate.m */; };
		8488D1991DAE9A68008FBF41 /* ReminderViewController.m in Sources */ = {isa = PBXBuildFile; fileRef = 8488D1981DAE9A68008FBF41 /* ReminderViewController.m */; };
		8488D19C1DAE9A68008FBF41 /* ParkingViewController.m in Sources */ = {isa = PBXBuildFile; fileRef = 8488D19B1DAE9A68008FBF41 /* ParkingViewController.m */; };
		8488D19F1DAE9A68008FBF41 /* Main.storyboard in Resources */ = {isa = PBXBuildFile; fileRef = 8488D19D1DAE9A68008FBF41 /* Main.storyboard */; };
		8488D1A11DAE9A68008FBF41 /* Assets.xcassets in Resources */ = {isa = PBXBuildFile; fileRef = 8488D1A01DAE9A68008FBF41 /* Assets.xcassets */; };
		8488D1A41DAE9A68008FBF41 /* LaunchScreen.storyboard in Resources */ = {isa = PBXBuildFile; fileRef = 8488D1A21DAE9A68008FBF41 /* LaunchScreen.storyboard */; };
		8488D1AE1DB5600E008FBF41 /* ParkingTableViewCell.m in Sources */ = {isa = PBXBuildFile; fileRef = 8488D1AC1DB5600E008FBF41 /* ParkingTableViewCell.m */; };
		8488D1AF1DB5600E008FBF41 /* ParkingTableViewCell.xib in Resources */ = {isa = PBXBuildFile; fileRef = 8488D1AD1DB5600E008FBF41 /* ParkingTableViewCell.xib */; };
/* End PBXBuildFile section */

/* Begin PBXFileReference section */
		1322785619B7B20662938C27 /* Pods-NoviProjekat.debug.xcconfig */ = {isa = PBXFileReference; includeInIndex = 1; lastKnownFileType = text.xcconfig; name = "Pods-NoviProjekat.debug.xcconfig"; path = "Pods/Target Support Files/Pods-NoviProjekat/Pods-NoviProjekat.debug.xcconfig"; sourceTree = "<group>"; };
		18A84FB88838389AEEFCD518 /* Pods_NoviProjekat.framework */ = {isa = PBXFileReference; explicitFileType = wrapper.framework; includeInIndex = 0; path = Pods_NoviProjekat.framework; sourceTree = BUILT_PRODUCTS_DIR; };
		1A0691F21EB8AC5600CB3326 /* CalendarService.h */ = {isa = PBXFileReference; fileEncoding = 4; lastKnownFileType = sourcecode.c.h; name = CalendarService.h; path = Services/CalendarService.h; sourceTree = "<group>"; };
		1A0691F31EB8AC5600CB3326 /* CalendarService.m */ = {isa = PBXFileReference; fileEncoding = 4; lastKnownFileType = sourcecode.c.objc; name = CalendarService.m; path = Services/CalendarService.m; sourceTree = "<group>"; };
		1A0691F51EB8B6ED00CB3326 /* AddReminderViewController.h */ = {isa = PBXFileReference; fileEncoding = 4; lastKnownFileType = sourcecode.c.h; name = AddReminderViewController.h; path = ViewControllers/AddReminderViewController.h; sourceTree = "<group>"; };
		1A0691F61EB8B6ED00CB3326 /* AddReminderViewController.m */ = {isa = PBXFileReference; fileEncoding = 4; lastKnownFileType = sourcecode.c.objc; name = AddReminderViewController.m; path = ViewControllers/AddReminderViewController.m; sourceTree = "<group>"; };
		1A0C80C91E6C611F0084D24C /* CoreData.framework */ = {isa = PBXFileReference; lastKnownFileType = wrapper.framework; name = CoreData.framework; path = System/Library/Frameworks/CoreData.framework; sourceTree = SDKROOT; };
		1A0C80CC1E6C61C60084D24C /* MojAutomobilModel.xcdatamodel */ = {isa = PBXFileReference; lastKnownFileType = wrapper.xcdatamodel; path = MojAutomobilModel.xcdatamodel; sourceTree = "<group>"; };
		1A17D8F91ECB5025009F6580 /* CarViewController.h */ = {isa = PBXFileReference; fileEncoding = 4; lastKnownFileType = sourcecode.c.h; name = CarViewController.h; path = ViewControllers/CarViewController.h; sourceTree = "<group>"; };
		1A17D8FA1ECB5025009F6580 /* CarViewController.m */ = {isa = PBXFileReference; fileEncoding = 4; lastKnownFileType = sourcecode.c.objc; name = CarViewController.m; path = ViewControllers/CarViewController.m; sourceTree = "<group>"; };
		1A17D8FC1ECB5196009F6580 /* AutoTableViewCell.h */ = {isa = PBXFileReference; fileEncoding = 4; lastKnownFileType = sourcecode.c.h; name = AutoTableViewCell.h; path = CustomCells/AutoTableViewCell.h; sourceTree = "<group>"; };
		1A17D8FD1ECB5196009F6580 /* AutoTableViewCell.m */ = {isa = PBXFileReference; fileEncoding = 4; lastKnownFileType = sourcecode.c.objc; name = AutoTableViewCell.m; path = CustomCells/AutoTableViewCell.m; sourceTree = "<group>"; };
		1A17D8FE1ECB5196009F6580 /* AutoTableViewCell.xib */ = {isa = PBXFileReference; fileEncoding = 4; lastKnownFileType = file.xib; name = AutoTableViewCell.xib; path = CustomCells/AutoTableViewCell.xib; sourceTree = "<group>"; };
		1A1D2A681E1AFB2200205CA9 /* Localizable.strings */ = {isa = PBXFileReference; fileEncoding = 4; lastKnownFileType = text.plist.strings; path = Localizable.strings; sourceTree = "<group>"; };
		1A1D2A8E1E1B039400205CA9 /* LocalizableStringService.h */ = {isa = PBXFileReference; fileEncoding = 4; lastKnownFileType = sourcecode.c.h; name = LocalizableStringService.h; path = Services/LocalizableStringService.h; sourceTree = "<group>"; };
		1A1D2A8F1E1B039400205CA9 /* LocalizableStringService.m */ = {isa = PBXFileReference; fileEncoding = 4; lastKnownFileType = sourcecode.c.objc; name = LocalizableStringService.m; path = Services/LocalizableStringService.m; sourceTree = "<group>"; };
		1A667C6E1EC8B96300201980 /* ReminderTableViewCell.h */ = {isa = PBXFileReference; fileEncoding = 4; lastKnownFileType = sourcecode.c.h; name = ReminderTableViewCell.h; path = CustomCells/ReminderTableViewCell.h; sourceTree = "<group>"; };
		1A667C6F1EC8B96300201980 /* ReminderTableViewCell.m */ = {isa = PBXFileReference; fileEncoding = 4; lastKnownFileType = sourcecode.c.objc; name = ReminderTableViewCell.m; path = CustomCells/ReminderTableViewCell.m; sourceTree = "<group>"; };
		1A667C701EC8B96300201980 /* ReminderTableViewCell.xib */ = {isa = PBXFileReference; fileEncoding = 4; lastKnownFileType = file.xib; name = ReminderTableViewCell.xib; path = CustomCells/ReminderTableViewCell.xib; sourceTree = "<group>"; };
		1A6793D51E34D55D00713D25 /* BasicViewController.h */ = {isa = PBXFileReference; fileEncoding = 4; lastKnownFileType = sourcecode.c.h; name = BasicViewController.h; path = ViewControllers/BasicViewController.h; sourceTree = "<group>"; };
		1A6793D61E34D55D00713D25 /* BasicViewController.m */ = {isa = PBXFileReference; fileEncoding = 4; lastKnownFileType = sourcecode.c.objc; name = BasicViewController.m; path = ViewControllers/BasicViewController.m; sourceTree = "<group>"; };
		1A6793D81E34D8A400713D25 /* UIFont+UDFont.h */ = {isa = PBXFileReference; fileEncoding = 4; lastKnownFileType = sourcecode.c.h; name = "UIFont+UDFont.h"; path = "Categories/UIFont+UDFont.h"; sourceTree = "<group>"; };
		1A6793D91E34D8A400713D25 /* UIFont+UDFont.m */ = {isa = PBXFileReference; fileEncoding = 4; lastKnownFileType = sourcecode.c.objc; name = "UIFont+UDFont.m"; path = "Categories/UIFont+UDFont.m"; sourceTree = "<group>"; };
		1A6793DB1E34D98700713D25 /* MojAutomobil.pch */ = {isa = PBXFileReference; lastKnownFileType = sourcecode.c.h; path = MojAutomobil.pch; sourceTree = "<group>"; };
		1A6793DD1E34DB9800713D25 /* UIColor+UDColor.h */ = {isa = PBXFileReference; fileEncoding = 4; lastKnownFileType = sourcecode.c.h; name = "UIColor+UDColor.h"; path = "Categories/UIColor+UDColor.h"; sourceTree = "<group>"; };
		1A6793DE1E34DB9800713D25 /* UIColor+UDColor.m */ = {isa = PBXFileReference; fileEncoding = 4; lastKnownFileType = sourcecode.c.objc; name = "UIColor+UDColor.m"; path = "Categories/UIColor+UDColor.m"; sourceTree = "<group>"; };
		1AC8235E1EA509FE009AFBFC /* User.h */ = {isa = PBXFileReference; fileEncoding = 4; lastKnownFileType = sourcecode.c.h; name = User.h; path = Model/User.h; sourceTree = "<group>"; };
		1AC8235F1EA509FE009AFBFC /* User.m */ = {isa = PBXFileReference; fileEncoding = 4; lastKnownFileType = sourcecode.c.objc; name = User.m; path = Model/User.m; sourceTree = "<group>"; };
		1AC823611EA50BE9009AFBFC /* Reminder.h */ = {isa = PBXFileReference; fileEncoding = 4; lastKnownFileType = sourcecode.c.h; name = Reminder.h; path = Model/Reminder.h; sourceTree = "<group>"; };
		1AC823621EA50BE9009AFBFC /* Reminder.m */ = {isa = PBXFileReference; fileEncoding = 4; lastKnownFileType = sourcecode.c.objc; name = Reminder.m; path = Model/Reminder.m; sourceTree = "<group>"; };
		1AC823641EA50C97009AFBFC /* Car.h */ = {isa = PBXFileReference; fileEncoding = 4; lastKnownFileType = sourcecode.c.h; name = Car.h; path = Model/Car.h; sourceTree = "<group>"; };
		1AC823651EA50C97009AFBFC /* Car.m */ = {isa = PBXFileReference; fileEncoding = 4; lastKnownFileType = sourcecode.c.objc; name = Car.m; path = Model/Car.m; sourceTree = "<group>"; };
		1AC823671EA50D72009AFBFC /* Expenses.h */ = {isa = PBXFileReference; fileEncoding = 4; lastKnownFileType = sourcecode.c.h; name = Expenses.h; path = Model/Expenses.h; sourceTree = "<group>"; };
		1AC823681EA50D72009AFBFC /* Expenses.m */ = {isa = PBXFileReference; fileEncoding = 4; lastKnownFileType = sourcecode.c.objc; name = Expenses.m; path = Model/Expenses.m; sourceTree = "<group>"; };
		1AC8236A1EA5104F009AFBFC /* MojAutomobilModel 2.xcdatamodel */ = {isa = PBXFileReference; lastKnownFileType = wrapper.xcdatamodel; path = "MojAutomobilModel 2.xcdatamodel"; sourceTree = "<group>"; };
		1AC8236B1EA52487009AFBFC /* DataController.h */ = {isa = PBXFileReference; fileEncoding = 4; lastKnownFileType = sourcecode.c.h; name = DataController.h; path = Services/DataController.h; sourceTree = "<group>"; };
		1AC8236C1EA52487009AFBFC /* DataController.m */ = {isa = PBXFileReference; fileEncoding = 4; lastKnownFileType = sourcecode.c.objc; name = DataController.m; path = Services/DataController.m; sourceTree = "<group>"; };
		1AD691501F239CF900627D0F /* AddNewCarViewController.h */ = {isa = PBXFileReference; fileEncoding = 4; lastKnownFileType = sourcecode.c.h; name = AddNewCarViewController.h; path = ViewControllers/AddNewCarViewController.h; sourceTree = "<group>"; };
		1AD691511F239CF900627D0F /* AddNewCarViewController.m */ = {isa = PBXFileReference; fileEncoding = 4; lastKnownFileType = sourcecode.c.objc; name = AddNewCarViewController.m; path = ViewControllers/AddNewCarViewController.m; sourceTree = "<group>"; };
		1AE78AA41E81B0120018FF66 /* LoginViewController.h */ = {isa = PBXFileReference; fileEncoding = 4; lastKnownFileType = sourcecode.c.h; name = LoginViewController.h; path = ViewControllers/LoginViewController.h; sourceTree = "<group>"; };
		1AE78AA51E81B0120018FF66 /* LoginViewController.m */ = {isa = PBXFileReference; fileEncoding = 4; lastKnownFileType = sourcecode.c.objc; name = LoginViewController.m; path = ViewControllers/LoginViewController.m; sourceTree = "<group>"; };
		1AE78AA71E81B5F70018FF66 /* SignUpViewController.h */ = {isa = PBXFileReference; fileEncoding = 4; lastKnownFileType = sourcecode.c.h; name = SignUpViewController.h; path = ViewControllers/SignUpViewController.h; sourceTree = "<group>"; };
		1AE78AA81E81B5F70018FF66 /* SignUpViewController.m */ = {isa = PBXFileReference; fileEncoding = 4; lastKnownFileType = sourcecode.c.objc; name = SignUpViewController.m; path = ViewControllers/SignUpViewController.m; sourceTree = "<group>"; };
		8488D18E1DAE9A68008FBF41 /* NoviProjekat.app */ = {isa = PBXFileReference; explicitFileType = wrapper.application; includeInIndex = 0; path = NoviProjekat.app; sourceTree = BUILT_PRODUCTS_DIR; };
		8488D1921DAE9A68008FBF41 /* main.m */ = {isa = PBXFileReference; lastKnownFileType = sourcecode.c.objc; path = main.m; sourceTree = "<group>"; };
		8488D1941DAE9A68008FBF41 /* AppDelegate.h */ = {isa = PBXFileReference; lastKnownFileType = sourcecode.c.h; path = AppDelegate.h; sourceTree = "<group>"; };
		8488D1951DAE9A68008FBF41 /* AppDelegate.m */ = {isa = PBXFileReference; lastKnownFileType = sourcecode.c.objc; path = AppDelegate.m; sourceTree = "<group>"; };
		8488D1971DAE9A68008FBF41 /* ReminderViewController.h */ = {isa = PBXFileReference; lastKnownFileType = sourcecode.c.h; path = ReminderViewController.h; sourceTree = "<group>"; };
		8488D1981DAE9A68008FBF41 /* ReminderViewController.m */ = {isa = PBXFileReference; lastKnownFileType = sourcecode.c.objc; path = ReminderViewController.m; sourceTree = "<group>"; };
		8488D19A1DAE9A68008FBF41 /* ParkingViewController.h */ = {isa = PBXFileReference; lastKnownFileType = sourcecode.c.h; path = ParkingViewController.h; sourceTree = "<group>"; };
		8488D19B1DAE9A68008FBF41 /* ParkingViewController.m */ = {isa = PBXFileReference; lastKnownFileType = sourcecode.c.objc; path = ParkingViewController.m; sourceTree = "<group>"; };
		8488D19E1DAE9A68008FBF41 /* Base */ = {isa = PBXFileReference; lastKnownFileType = file.storyboard; name = Base; path = Base.lproj/Main.storyboard; sourceTree = "<group>"; };
		8488D1A01DAE9A68008FBF41 /* Assets.xcassets */ = {isa = PBXFileReference; lastKnownFileType = folder.assetcatalog; path = Assets.xcassets; sourceTree = "<group>"; };
		8488D1A31DAE9A68008FBF41 /* Base */ = {isa = PBXFileReference; lastKnownFileType = file.storyboard; name = Base; path = Base.lproj/LaunchScreen.storyboard; sourceTree = "<group>"; };
		8488D1A51DAE9A68008FBF41 /* Info.plist */ = {isa = PBXFileReference; lastKnownFileType = text.plist.xml; path = Info.plist; sourceTree = "<group>"; };
		8488D1AB1DB5600E008FBF41 /* ParkingTableViewCell.h */ = {isa = PBXFileReference; fileEncoding = 4; lastKnownFileType = sourcecode.c.h; path = ParkingTableViewCell.h; sourceTree = "<group>"; };
		8488D1AC1DB5600E008FBF41 /* ParkingTableViewCell.m */ = {isa = PBXFileReference; fileEncoding = 4; lastKnownFileType = sourcecode.c.objc; path = ParkingTableViewCell.m; sourceTree = "<group>"; };
		8488D1AD1DB5600E008FBF41 /* ParkingTableViewCell.xib */ = {isa = PBXFileReference; fileEncoding = 4; lastKnownFileType = file.xib; path = ParkingTableViewCell.xib; sourceTree = "<group>"; };
		D522D5BC51FB200EAA6F0FFB /* Pods-NoviProjekat.release.xcconfig */ = {isa = PBXFileReference; includeInIndex = 1; lastKnownFileType = text.xcconfig; name = "Pods-NoviProjekat.release.xcconfig"; path = "Pods/Target Support Files/Pods-NoviProjekat/Pods-NoviProjekat.release.xcconfig"; sourceTree = "<group>"; };
/* End PBXFileReference section */

/* Begin PBXFrameworksBuildPhase section */
		8488D18B1DAE9A67008FBF41 /* Frameworks */ = {
			isa = PBXFrameworksBuildPhase;
			buildActionMask = 2147483647;
			files = (
				1A0C80CA1E6C611F0084D24C /* CoreData.framework in Frameworks */,
				7F8C94B4160044F51D13E214 /* Pods_NoviProjekat.framework in Frameworks */,
			);
			runOnlyForDeploymentPostprocessing = 0;
		};
/* End PBXFrameworksBuildPhase section */

/* Begin PBXGroup section */
		1A1D2A8D1E1B035400205CA9 /* Services */ = {
			isa = PBXGroup;
			children = (
				1A1D2A8E1E1B039400205CA9 /* LocalizableStringService.h */,
				1A1D2A8F1E1B039400205CA9 /* LocalizableStringService.m */,
				1AC8236B1EA52487009AFBFC /* DataController.h */,
				1AC8236C1EA52487009AFBFC /* DataController.m */,
				1A0691F21EB8AC5600CB3326 /* CalendarService.h */,
				1A0691F31EB8AC5600CB3326 /* CalendarService.m */,
			);
			name = Services;
			sourceTree = "<group>";
		};
		1A6793DC1E34DB6100713D25 /* Categories */ = {
			isa = PBXGroup;
			children = (
				1A6793D81E34D8A400713D25 /* UIFont+UDFont.h */,
				1A6793D91E34D8A400713D25 /* UIFont+UDFont.m */,
				1A6793DD1E34DB9800713D25 /* UIColor+UDColor.h */,
				1A6793DE1E34DB9800713D25 /* UIColor+UDColor.m */,
			);
			name = Categories;
			sourceTree = "<group>";
		};
		1AA4C03C1DB024DB00A25DBF /* View Controllers */ = {
			isa = PBXGroup;
			children = (
				8488D1971DAE9A68008FBF41 /* ReminderViewController.h */,
				8488D1981DAE9A68008FBF41 /* ReminderViewController.m */,
				8488D19A1DAE9A68008FBF41 /* ParkingViewController.h */,
				8488D19B1DAE9A68008FBF41 /* ParkingViewController.m */,
				1A6793D51E34D55D00713D25 /* BasicViewController.h */,
				1A6793D61E34D55D00713D25 /* BasicViewController.m */,
				1AE78AA41E81B0120018FF66 /* LoginViewController.h */,
				1AE78AA51E81B0120018FF66 /* LoginViewController.m */,
				1AE78AA71E81B5F70018FF66 /* SignUpViewController.h */,
				1AE78AA81E81B5F70018FF66 /* SignUpViewController.m */,
				1A0691F51EB8B6ED00CB3326 /* AddReminderViewController.h */,
				1A0691F61EB8B6ED00CB3326 /* AddReminderViewController.m */,
				1A17D8F91ECB5025009F6580 /* CarViewController.h */,
				1A17D8FA1ECB5025009F6580 /* CarViewController.m */,
				1AD691501F239CF900627D0F /* AddNewCarViewController.h */,
				1AD691511F239CF900627D0F /* AddNewCarViewController.m */,
			);
			name = "View Controllers";
			sourceTree = "<group>";
		};
		1AA4C03D1DB0294200A25DBF /* Custom Views */ = {
			isa = PBXGroup;
			children = (
				1AA4C03E1DB0295600A25DBF /* Custom Cells */,
			);
			name = "Custom Views";
			sourceTree = "<group>";
		};
		1AA4C03E1DB0295600A25DBF /* Custom Cells */ = {
			isa = PBXGroup;
			children = (
				8488D1AB1DB5600E008FBF41 /* ParkingTableViewCell.h */,
				8488D1AC1DB5600E008FBF41 /* ParkingTableViewCell.m */,
				8488D1AD1DB5600E008FBF41 /* ParkingTableViewCell.xib */,
				1A667C6E1EC8B96300201980 /* ReminderTableViewCell.h */,
				1A667C6F1EC8B96300201980 /* ReminderTableViewCell.m */,
				1A667C701EC8B96300201980 /* ReminderTableViewCell.xib */,
				1A17D8FC1ECB5196009F6580 /* AutoTableViewCell.h */,
				1A17D8FD1ECB5196009F6580 /* AutoTableViewCell.m */,
				1A17D8FE1ECB5196009F6580 /* AutoTableViewCell.xib */,
			);
			name = "Custom Cells";
			sourceTree = "<group>";
		};
		1AE78AA31E81AFBD0018FF66 /* Model */ = {
			isa = PBXGroup;
			children = (
				1AC8235E1EA509FE009AFBFC /* User.h */,
				1AC8235F1EA509FE009AFBFC /* User.m */,
				1AC823611EA50BE9009AFBFC /* Reminder.h */,
				1AC823621EA50BE9009AFBFC /* Reminder.m */,
				1AC823641EA50C97009AFBFC /* Car.h */,
				1AC823651EA50C97009AFBFC /* Car.m */,
				1AC823671EA50D72009AFBFC /* Expenses.h */,
				1AC823681EA50D72009AFBFC /* Expenses.m */,
			);
			name = Model;
			sourceTree = "<group>";
		};
		4000430524CC9DE28C9D8D2D /* Frameworks */ = {
			isa = PBXGroup;
			children = (
				1A0C80C91E6C611F0084D24C /* CoreData.framework */,
				18A84FB88838389AEEFCD518 /* Pods_NoviProjekat.framework */,
			);
			name = Frameworks;
			sourceTree = "<group>";
		};
		7882808E6DF904FFDFA8D95A /* Pods */ = {
			isa = PBXGroup;
			children = (
				1322785619B7B20662938C27 /* Pods-NoviProjekat.debug.xcconfig */,
				D522D5BC51FB200EAA6F0FFB /* Pods-NoviProjekat.release.xcconfig */,
			);
			name = Pods;
			sourceTree = "<group>";
		};
		8488D1851DAE9A67008FBF41 = {
			isa = PBXGroup;
			children = (
				8488D1901DAE9A68008FBF41 /* NoviProjekat */,
				8488D18F1DAE9A68008FBF41 /* Products */,
				7882808E6DF904FFDFA8D95A /* Pods */,
				4000430524CC9DE28C9D8D2D /* Frameworks */,
			);
			sourceTree = "<group>";
		};
		8488D18F1DAE9A68008FBF41 /* Products */ = {
			isa = PBXGroup;
			children = (
				8488D18E1DAE9A68008FBF41 /* NoviProjekat.app */,
			);
			name = Products;
			sourceTree = "<group>";
		};
		8488D1901DAE9A68008FBF41 /* NoviProjekat */ = {
			isa = PBXGroup;
			children = (
				1AE78AA31E81AFBD0018FF66 /* Model */,
				1A6793DC1E34DB6100713D25 /* Categories */,
				1A1D2A8D1E1B035400205CA9 /* Services */,
				1AA4C03D1DB0294200A25DBF /* Custom Views */,
				8488D1941DAE9A68008FBF41 /* AppDelegate.h */,
				8488D1951DAE9A68008FBF41 /* AppDelegate.m */,
				1AA4C03C1DB024DB00A25DBF /* View Controllers */,
				8488D19D1DAE9A68008FBF41 /* Main.storyboard */,
				8488D1A01DAE9A68008FBF41 /* Assets.xcassets */,
				8488D1A21DAE9A68008FBF41 /* LaunchScreen.storyboard */,
				8488D1A51DAE9A68008FBF41 /* Info.plist */,
				8488D1911DAE9A68008FBF41 /* Supporting Files */,
			);
			path = NoviProjekat;
			sourceTree = "<group>";
		};
		8488D1911DAE9A68008FBF41 /* Supporting Files */ = {
			isa = PBXGroup;
			children = (
				8488D1921DAE9A68008FBF41 /* main.m */,
				1A6793DB1E34D98700713D25 /* MojAutomobil.pch */,
				1A1D2A681E1AFB2200205CA9 /* Localizable.strings */,
				1A0C80CB1E6C61C60084D24C /* MojAutomobilModel.xcdatamodeld */,
			);
			name = "Supporting Files";
			sourceTree = "<group>";
		};
/* End PBXGroup section */

/* Begin PBXNativeTarget section */
		8488D18D1DAE9A67008FBF41 /* NoviProjekat */ = {
			isa = PBXNativeTarget;
			buildConfigurationList = 8488D1A81DAE9A68008FBF41 /* Build configuration list for PBXNativeTarget "NoviProjekat" */;
			buildPhases = (
				EC4136EB222299F7B8E5C7AD /* [CP] Check Pods Manifest.lock */,
				8488D18A1DAE9A67008FBF41 /* Sources */,
				8488D18B1DAE9A67008FBF41 /* Frameworks */,
				8488D18C1DAE9A67008FBF41 /* Resources */,
				E0F01D6CA8C164E62CEBA9E9 /* [CP] Embed Pods Frameworks */,
				D0AFC48EBBC7D10A101930DF /* [CP] Copy Pods Resources */,
			);
			buildRules = (
			);
			dependencies = (
			);
			name = NoviProjekat;
			productName = NoviProjekat;
			productReference = 8488D18E1DAE9A68008FBF41 /* NoviProjekat.app */;
			productType = "com.apple.product-type.application";
		};
/* End PBXNativeTarget section */

/* Begin PBXProject section */
		8488D1861DAE9A67008FBF41 /* Project object */ = {
			isa = PBXProject;
			attributes = {
				LastUpgradeCheck = 0820;
				ORGANIZATIONNAME = Admin;
				TargetAttributes = {
					8488D18D1DAE9A67008FBF41 = {
						CreatedOnToolsVersion = 8.0;
						LastSwiftMigration = 0820;
						ProvisioningStyle = Automatic;
					};
				};
			};
			buildConfigurationList = 8488D1891DAE9A67008FBF41 /* Build configuration list for PBXProject "NoviProjekat" */;
			compatibilityVersion = "Xcode 3.2";
			developmentRegion = English;
			hasScannedForEncodings = 0;
			knownRegions = (
				en,
				Base,
			);
			mainGroup = 8488D1851DAE9A67008FBF41;
			productRefGroup = 8488D18F1DAE9A68008FBF41 /* Products */;
			projectDirPath = "";
			projectRoot = "";
			targets = (
				8488D18D1DAE9A67008FBF41 /* NoviProjekat */,
			);
		};
/* End PBXProject section */

/* Begin PBXResourcesBuildPhase section */
		8488D18C1DAE9A67008FBF41 /* Resources */ = {
			isa = PBXResourcesBuildPhase;
			buildActionMask = 2147483647;
			files = (
				8488D1AF1DB5600E008FBF41 /* ParkingTableViewCell.xib in Resources */,
				8488D1A41DAE9A68008FBF41 /* LaunchScreen.storyboard in Resources */,
				1A17D9001ECB5196009F6580 /* AutoTableViewCell.xib in Resources */,
				8488D1A11DAE9A68008FBF41 /* Assets.xcassets in Resources */,
				8488D19F1DAE9A68008FBF41 /* Main.storyboard in Resources */,
				1A1D2A691E1AFB2200205CA9 /* Localizable.strings in Resources */,
				1A667C721EC8B96300201980 /* ReminderTableViewCell.xib in Resources */,
			);
			runOnlyForDeploymentPostprocessing = 0;
		};
/* End PBXResourcesBuildPhase section */

/* Begin PBXShellScriptBuildPhase section */
		D0AFC48EBBC7D10A101930DF /* [CP] Copy Pods Resources */ = {
			isa = PBXShellScriptBuildPhase;
			buildActionMask = 2147483647;
			files = (
			);
			inputPaths = (
			);
			name = "[CP] Copy Pods Resources";
			outputPaths = (
			);
			runOnlyForDeploymentPostprocessing = 0;
			shellPath = /bin/sh;
			shellScript = "\"${SRCROOT}/Pods/Target Support Files/Pods-NoviProjekat/Pods-NoviProjekat-resources.sh\"\n";
			showEnvVarsInLog = 0;
		};
		E0F01D6CA8C164E62CEBA9E9 /* [CP] Embed Pods Frameworks */ = {
			isa = PBXShellScriptBuildPhase;
			buildActionMask = 2147483647;
			files = (
			);
			inputPaths = (
			);
			name = "[CP] Embed Pods Frameworks";
			outputPaths = (
			);
			runOnlyForDeploymentPostprocessing = 0;
			shellPath = /bin/sh;
			shellScript = "\"${SRCROOT}/Pods/Target Support Files/Pods-NoviProjekat/Pods-NoviProjekat-frameworks.sh\"\n";
			showEnvVarsInLog = 0;
		};
		EC4136EB222299F7B8E5C7AD /* [CP] Check Pods Manifest.lock */ = {
			isa = PBXShellScriptBuildPhase;
			buildActionMask = 2147483647;
			files = (
			);
			inputPaths = (
			);
			name = "[CP] Check Pods Manifest.lock";
			outputPaths = (
			);
			runOnlyForDeploymentPostprocessing = 0;
			shellPath = /bin/sh;
			shellScript = "diff \"${PODS_ROOT}/../Podfile.lock\" \"${PODS_ROOT}/Manifest.lock\" > /dev/null\nif [ $? != 0 ] ; then\n    # print error to STDERR\n    echo \"error: The sandbox is not in sync with the Podfile.lock. Run 'pod install' or update your CocoaPods installation.\" >&2\n    exit 1\nfi\n";
			showEnvVarsInLog = 0;
		};
/* End PBXShellScriptBuildPhase section */

/* Begin PBXSourcesBuildPhase section */
		8488D18A1DAE9A67008FBF41 /* Sources */ = {
			isa = PBXSourcesBuildPhase;
			buildActionMask = 2147483647;
			files = (
				1AC823691EA50D72009AFBFC /* Expenses.m in Sources */,
				8488D19C1DAE9A68008FBF41 /* ParkingViewController.m in Sources */,
				8488D1961DAE9A68008FBF41 /* AppDelegate.m in Sources */,
				1AD691521F239CF900627D0F /* AddNewCarViewController.m in Sources */,
				1A6793DA1E34D8A400713D25 /* UIFont+UDFont.m in Sources */,
				1AC823661EA50C97009AFBFC /* Car.m in Sources */,
				1A0691F41EB8AC5600CB3326 /* CalendarService.m in Sources */,
				1AC823601EA509FE009AFBFC /* User.m in Sources */,
				1A0691F71EB8B6ED00CB3326 /* AddReminderViewController.m in Sources */,
				1A17D8FF1ECB5196009F6580 /* AutoTableViewCell.m in Sources */,
				1A6793DF1E34DB9800713D25 /* UIColor+UDColor.m in Sources */,
				1AC8236D1EA52487009AFBFC /* DataController.m in Sources */,
				1A17D8FB1ECB5025009F6580 /* CarViewController.m in Sources */,
				8488D1991DAE9A68008FBF41 /* ReminderViewController.m in Sources */,
				1AE78AA91E81B5F70018FF66 /* SignUpViewController.m in Sources */,
				1A1D2A901E1B039400205CA9 /* LocalizableStringService.m in Sources */,
				1A6793D71E34D55D00713D25 /* BasicViewController.m in Sources */,
				8488D1AE1DB5600E008FBF41 /* ParkingTableViewCell.m in Sources */,
				1AC823631EA50BE9009AFBFC /* Reminder.m in Sources */,
				1AE78AA61E81B0120018FF66 /* LoginViewController.m in Sources */,
				8488D1931DAE9A68008FBF41 /* main.m in Sources */,
				1A0C80CD1E6C61C60084D24C /* MojAutomobilModel.xcdatamodeld in Sources */,
				1A667C711EC8B96300201980 /* ReminderTableViewCell.m in Sources */,
			);
			runOnlyForDeploymentPostprocessing = 0;
		};
/* End PBXSourcesBuildPhase section */

/* Begin PBXVariantGroup section */
		8488D19D1DAE9A68008FBF41 /* Main.storyboard */ = {
			isa = PBXVariantGroup;
			children = (
				8488D19E1DAE9A68008FBF41 /* Base */,
			);
			name = Main.storyboard;
			sourceTree = "<group>";
		};
		8488D1A21DAE9A68008FBF41 /* LaunchScreen.storyboard */ = {
			isa = PBXVariantGroup;
			children = (
				8488D1A31DAE9A68008FBF41 /* Base */,
			);
			name = LaunchScreen.storyboard;
			sourceTree = "<group>";
		};
/* End PBXVariantGroup section */

/* Begin XCBuildConfiguration section */
		8488D1A61DAE9A68008FBF41 /* Debug */ = {
			isa = XCBuildConfiguration;
			buildSettings = {
				ALWAYS_SEARCH_USER_PATHS = NO;
				CLANG_ANALYZER_NONNULL = YES;
				CLANG_CXX_LANGUAGE_STANDARD = "gnu++0x";
				CLANG_CXX_LIBRARY = "libc++";
				CLANG_ENABLE_MODULES = YES;
				CLANG_ENABLE_OBJC_ARC = YES;
				CLANG_WARN_BOOL_CONVERSION = YES;
				CLANG_WARN_CONSTANT_CONVERSION = YES;
				CLANG_WARN_DIRECT_OBJC_ISA_USAGE = YES_ERROR;
				CLANG_WARN_DOCUMENTATION_COMMENTS = YES;
				CLANG_WARN_EMPTY_BODY = YES;
				CLANG_WARN_ENUM_CONVERSION = YES;
				CLANG_WARN_INFINITE_RECURSION = YES;
				CLANG_WARN_INT_CONVERSION = YES;
				CLANG_WARN_OBJC_ROOT_CLASS = YES_ERROR;
				CLANG_WARN_SUSPICIOUS_MOVE = YES;
				CLANG_WARN_SUSPICIOUS_MOVES = YES;
				CLANG_WARN_UNREACHABLE_CODE = YES;
				CLANG_WARN__DUPLICATE_METHOD_MATCH = YES;
				"CODE_SIGN_IDENTITY[sdk=iphoneos*]" = "iPhone Developer";
				COPY_PHASE_STRIP = NO;
				DEBUG_INFORMATION_FORMAT = dwarf;
				DEFINES_MODULE = YES;
				ENABLE_STRICT_OBJC_MSGSEND = YES;
				ENABLE_TESTABILITY = YES;
				GCC_C_LANGUAGE_STANDARD = gnu99;
				GCC_DYNAMIC_NO_PIC = NO;
				GCC_NO_COMMON_BLOCKS = YES;
				GCC_OPTIMIZATION_LEVEL = 0;
				GCC_PREPROCESSOR_DEFINITIONS = (
					"DEBUG=1",
					"$(inherited)",
				);
				GCC_WARN_64_TO_32_BIT_CONVERSION = YES;
				GCC_WARN_ABOUT_RETURN_TYPE = YES_ERROR;
				GCC_WARN_UNDECLARED_SELECTOR = YES;
				GCC_WARN_UNINITIALIZED_AUTOS = YES_AGGRESSIVE;
				GCC_WARN_UNUSED_FUNCTION = YES;
				GCC_WARN_UNUSED_VARIABLE = YES;
				IPHONEOS_DEPLOYMENT_TARGET = 9.0;
				MTL_ENABLE_DEBUG_INFO = YES;
				ONLY_ACTIVE_ARCH = YES;
				OTHER_LDFLAGS = "$(inherited)";
				SDKROOT = iphoneos;
				TARGETED_DEVICE_FAMILY = "1,2";
			};
			name = Debug;
		};
		8488D1A71DAE9A68008FBF41 /* Release */ = {
			isa = XCBuildConfiguration;
			buildSettings = {
				ALWAYS_SEARCH_USER_PATHS = NO;
				CLANG_ANALYZER_NONNULL = YES;
				CLANG_CXX_LANGUAGE_STANDARD = "gnu++0x";
				CLANG_CXX_LIBRARY = "libc++";
				CLANG_ENABLE_MODULES = YES;
				CLANG_ENABLE_OBJC_ARC = YES;
				CLANG_WARN_BOOL_CONVERSION = YES;
				CLANG_WARN_CONSTANT_CONVERSION = YES;
				CLANG_WARN_DIRECT_OBJC_ISA_USAGE = YES_ERROR;
				CLANG_WARN_DOCUMENTATION_COMMENTS = YES;
				CLANG_WARN_EMPTY_BODY = YES;
				CLANG_WARN_ENUM_CONVERSION = YES;
				CLANG_WARN_INFINITE_RECURSION = YES;
				CLANG_WARN_INT_CONVERSION = YES;
				CLANG_WARN_OBJC_ROOT_CLASS = YES_ERROR;
				CLANG_WARN_SUSPICIOUS_MOVE = YES;
				CLANG_WARN_SUSPICIOUS_MOVES = YES;
				CLANG_WARN_UNREACHABLE_CODE = YES;
				CLANG_WARN__DUPLICATE_METHOD_MATCH = YES;
				"CODE_SIGN_IDENTITY[sdk=iphoneos*]" = "iPhone Developer";
				COPY_PHASE_STRIP = NO;
				DEBUG_INFORMATION_FORMAT = "dwarf-with-dsym";
				DEFINES_MODULE = YES;
				ENABLE_NS_ASSERTIONS = NO;
				ENABLE_STRICT_OBJC_MSGSEND = YES;
				GCC_C_LANGUAGE_STANDARD = gnu99;
				GCC_NO_COMMON_BLOCKS = YES;
				GCC_WARN_64_TO_32_BIT_CONVERSION = YES;
				GCC_WARN_ABOUT_RETURN_TYPE = YES_ERROR;
				GCC_WARN_UNDECLARED_SELECTOR = YES;
				GCC_WARN_UNINITIALIZED_AUTOS = YES_AGGRESSIVE;
				GCC_WARN_UNUSED_FUNCTION = YES;
				GCC_WARN_UNUSED_VARIABLE = YES;
				IPHONEOS_DEPLOYMENT_TARGET = 9.0;
				MTL_ENABLE_DEBUG_INFO = NO;
				OTHER_LDFLAGS = "$(inherited)";
				SDKROOT = iphoneos;
				TARGETED_DEVICE_FAMILY = "1,2";
				VALIDATE_PRODUCT = YES;
			};
			name = Release;
		};
		8488D1A91DAE9A68008FBF41 /* Debug */ = {
			isa = XCBuildConfiguration;
			baseConfigurationReference = 1322785619B7B20662938C27 /* Pods-NoviProjekat.debug.xcconfig */;
			buildSettings = {
				ASSETCATALOG_COMPILER_APPICON_NAME = AppIcon;
				CLANG_ENABLE_MODULES = YES;
				EMBED_ASSET_PACKS_IN_PRODUCT_BUNDLE = YES;
				GCC_PRECOMPILE_PREFIX_HEADER = YES;
				GCC_PREFIX_HEADER = NoviProjekat/MojAutomobil.pch;
				INFOPLIST_FILE = NoviProjekat/Info.plist;
				LD_RUNPATH_SEARCH_PATHS = "$(inherited) @executable_path/Frameworks";
				MACH_O_TYPE = mh_execute;
				OTHER_LDFLAGS = "$(inherited)";
				PRODUCT_BUNDLE_IDENTIFIER = projekeat.NoviProjekat;
				PRODUCT_NAME = "$(TARGET_NAME)";
				SWIFT_OBJC_BRIDGING_HEADER = "";
				SWIFT_OPTIMIZATION_LEVEL = "-Onone";
				SWIFT_VERSION = 3.0;
			};
			name = Debug;
		};
		8488D1AA1DAE9A68008FBF41 /* Release */ = {
			isa = XCBuildConfiguration;
			baseConfigurationReference = D522D5BC51FB200EAA6F0FFB /* Pods-NoviProjekat.release.xcconfig */;
			buildSettings = {
				ASSETCATALOG_COMPILER_APPICON_NAME = AppIcon;
				CLANG_ENABLE_MODULES = YES;
				EMBED_ASSET_PACKS_IN_PRODUCT_BUNDLE = YES;
				GCC_PRECOMPILE_PREFIX_HEADER = YES;
				GCC_PREFIX_HEADER = NoviProjekat/MojAutomobil.pch;
				INFOPLIST_FILE = NoviProjekat/Info.plist;
				LD_RUNPATH_SEARCH_PATHS = "$(inherited) @executable_path/Frameworks";
				MACH_O_TYPE = mh_execute;
				OTHER_LDFLAGS = "$(inherited)";
				PRODUCT_BUNDLE_IDENTIFIER = projekeat.NoviProjekat;
				PRODUCT_NAME = "$(TARGET_NAME)";
				SWIFT_OBJC_BRIDGING_HEADER = "";
				SWIFT_VERSION = 3.0;
			};
			name = Release;
		};
/* End XCBuildConfiguration section */

/* Begin XCConfigurationList section */
		8488D1891DAE9A67008FBF41 /* Build configuration list for PBXProject "NoviProjekat" */ = {
			isa = XCConfigurationList;
			buildConfigurations = (
				8488D1A61DAE9A68008FBF41 /* Debug */,
				8488D1A71DAE9A68008FBF41 /* Release */,
			);
			defaultConfigurationIsVisible = 0;
			defaultConfigurationName = Debug;
		};
		8488D1A81DAE9A68008FBF41 /* Build configuration list for PBXNativeTarget "NoviProjekat" */ = {
			isa = XCConfigurationList;
			buildConfigurations = (
				8488D1A91DAE9A68008FBF41 /* Debug */,
				8488D1AA1DAE9A68008FBF41 /* Release */,
			);
			defaultConfigurationIsVisible = 0;
			defaultConfigurationName = Debug;
		};
/* End XCConfigurationList section */

/* Begin XCVersionGroup section */
		1A0C80CB1E6C61C60084D24C /* MojAutomobilModel.xcdatamodeld */ = {
			isa = XCVersionGroup;
			children = (
				1AC8236A1EA5104F009AFBFC /* MojAutomobilModel 2.xcdatamodel */,
				1A0C80CC1E6C61C60084D24C /* MojAutomobilModel.xcdatamodel */,
			);
			currentVersion = 1AC8236A1EA5104F009AFBFC /* MojAutomobilModel 2.xcdatamodel */;
			path = MojAutomobilModel.xcdatamodeld;
			sourceTree = "<group>";
			versionGroupType = wrapper.xcdatamodel;
		};
/* End XCVersionGroup section */
	};
	rootObject = 8488D1861DAE9A67008FBF41 /* Project object */;
}
